
Microsoft Visual Studio Solution File, Format Version 12.00
# Visual Studio Version 16
VisualStudioVersion = 16.0.29728.190
MinimumVisualStudioVersion = 10.0.40219.1
Project("{FAE04EC0-301F-11D3-BF4B-00C04F79EFBC}") = "DANTE_FrontEnd", "DANTE_FrontEnd\DANTE_FrontEnd.csproj", "{AC6C8AD6-E24F-4077-AAFC-3B1B6F52F397}"
EndProject
Global
	GlobalSection(SolutionConfigurationPlatforms) = preSolution
		Debug|Any CPU = Debug|Any CPU
		Release|Any CPU = Release|Any CPU
	EndGlobalSection
	GlobalSection(ProjectConfigurationPlatforms) = postSolution
		{AC6C8AD6-E24F-4077-AAFC-3B1B6F52F397}.Debug|Any CPU.ActiveCfg = Debug|Any CPU
		{AC6C8AD6-E24F-4077-AAFC-3B1B6F52F397}.Debug|Any CPU.Build.0 = Debug|Any CPU
		{AC6C8AD6-E24F-4077-AAFC-3B1B6F52F397}.Release|Any CPU.ActiveCfg = Release|Any CPU
		{AC6C8AD6-E24F-4077-AAFC-3B1B6F52F397}.Release|Any CPU.Build.0 = Release|Any CPU
	EndGlobalSection
	GlobalSection(SolutionProperties) = preSolution
		HideSolutionNode = FALSE
	EndGlobalSection
	GlobalSection(ExtensibilityGlobals) = postSolution
		SolutionGuid = {3016313F-0BD3-4C69-A2A5-F2A12856605A}
	EndGlobalSection
EndGlobal
